// !$*UTF8*$!
{
	archiveVersion = 1;
	classes = {
	};
	objectVersion = 77;
	objects = {

/* Begin PBXContainerItemProxy section */
		BC599B102E2DFF4B00C484BC /* PBXContainerItemProxy */ = {
			isa = PBXContainerItemProxy;
			containerPortal = BC599AF72E2DFF4800C484BC /* Project object */;
			proxyType = 1;
			remoteGlobalIDString = BC599AFE2E2DFF4800C484BC;
			remoteInfo = AIPoweredResumeAnalyzer;
		};
		BC599B1A2E2DFF4C00C484BC /* PBXContainerItemProxy */ = {
			isa = PBXContainerItemProxy;
			containerPortal = BC599AF72E2DFF4800C484BC /* Project object */;
			proxyType = 1;
			remoteGlobalIDString = BC599AFE2E2DFF4800C484BC;
			remoteInfo = AIPoweredResumeAnalyzer;
		};
/* End PBXContainerItemProxy section */

/* Begin PBXFileReference section */
		BC599AFF2E2DFF4800C484BC /* AIPoweredResumeAnalyzer.app */ = {isa = PBXFileReference; explicitFileType = wrapper.application; includeInIndex = 0; path = AIPoweredResumeAnalyzer.app; sourceTree = BUILT_PRODUCTS_DIR; };
		BC599B0F2E2DFF4B00C484BC /* AIPoweredResumeAnalyzerTests.xctest */ = {isa = PBXFileReference; explicitFileType = wrapper.cfbundle; includeInIndex = 0; path = AIPoweredResumeAnalyzerTests.xctest; sourceTree = BUILT_PRODUCTS_DIR; };
		BC599B192E2DFF4C00C484BC /* AIPoweredResumeAnalyzerUITests.xctest */ = {isa = PBXFileReference; explicitFileType = wrapper.cfbundle; includeInIndex = 0; path = AIPoweredResumeAnalyzerUITests.xctest; sourceTree = BUILT_PRODUCTS_DIR; };
/* End PBXFileReference section */

/* Begin PBXFileSystemSynchronizedRootGroup section */
		BC599B012E2DFF4800C484BC /* AIPoweredResumeAnalyzer */ = {
			isa = PBXFileSystemSynchronizedRootGroup;
			path = AIPoweredResumeAnalyzer;
			sourceTree = "<group>";
		};
		BC599B122E2DFF4B00C484BC /* AIPoweredResumeAnalyzerTests */ = {
			isa = PBXFileSystemSynchronizedRootGroup;
			path = AIPoweredResumeAnalyzerTests;
			sourceTree = "<group>";
		};
		BC599B1C2E2DFF4C00C484BC /* AIPoweredResumeAnalyzerUITests */ = {
			isa = PBXFileSystemSynchronizedRootGroup;
			path = AIPoweredResumeAnalyzerUITests;
			sourceTree = "<group>";
		};
/* End PBXFileSystemSynchronizedRootGroup section */

/* Begin PBXFrameworksBuildPhase section */
		BC599AFC2E2DFF4800C484BC /* Frameworks */ = {
			isa = PBXFrameworksBuildPhase;
			buildActionMask = 2147483647;
			files = (
			);
			runOnlyForDeploymentPostprocessing = 0;
		};
		BC599B0C2E2DFF4B00C484BC /* Frameworks */ = {
			isa = PBXFrameworksBuildPhase;
			buildActionMask = 2147483647;
			files = (
			);
			runOnlyForDeploymentPostprocessing = 0;
		};
		BC599B162E2DFF4C00C484BC /* Frameworks */ = {
			isa = PBXFrameworksBuildPhase;
			buildActionMask = 2147483647;
			files = (
			);
			runOnlyForDeploymentPostprocessing = 0;
		};
/* End PBXFrameworksBuildPhase section */

/* Begin PBXGroup section */
		BC599AF62E2DFF4800C484BC = {
			isa = PBXGroup;
			children = (
				BC599B012E2DFF4800C484BC /* AIPoweredResumeAnalyzer */,
				BC599B122E2DFF4B00C484BC /* AIPoweredResumeAnalyzerTests */,
				BC599B1C2E2DFF4C00C484BC /* AIPoweredResumeAnalyzerUITests */,
				BC599B002E2DFF4800C484BC /* Products */,
			);
			sourceTree = "<group>";
		};
		BC599B002E2DFF4800C484BC /* Products */ = {
			isa = PBXGroup;
			children = (
				BC599AFF2E2DFF4800C484BC /* AIPoweredResumeAnalyzer.app */,
				BC599B0F2E2DFF4B00C484BC /* AIPoweredResumeAnalyzerTests.xctest */,
				BC599B192E2DFF4C00C484BC /* AIPoweredResumeAnalyzerUITests.xctest */,
			);
			name = Products;
			sourceTree = "<group>";
		};
/* End PBXGroup section */

/* Begin PBXNativeTarget section */
		BC599AFE2E2DFF4800C484BC /* AIPoweredResumeAnalyzer */ = {
			isa = PBXNativeTarget;
			buildConfigurationList = BC599B232E2DFF4C00C484BC /* Build configuration list for PBXNativeTarget "AIPoweredResumeAnalyzer" */;
			buildPhases = (
				BC599AFB2E2DFF4800C484BC /* Sources */,
				BC599AFC2E2DFF4800C484BC /* Frameworks */,
				BC599AFD2E2DFF4800C484BC /* Resources */,
			);
			buildRules = (
			);
			dependencies = (
			);
			fileSystemSynchronizedGroups = (
				BC599B012E2DFF4800C484BC /* AIPoweredResumeAnalyzer */,
			);
			name = AIPoweredResumeAnalyzer;
			packageProductDependencies = (
			);
			productName = AIPoweredResumeAnalyzer;
			productReference = BC599AFF2E2DFF4800C484BC /* AIPoweredResumeAnalyzer.app */;
			productType = "com.apple.product-type.application";
		};
		BC599B0E2E2DFF4B00C484BC /* AIPoweredResumeAnalyzerTests */ = {
			isa = PBXNativeTarget;
			buildConfigurationList = BC599B262E2DFF4C00C484BC /* Build configuration list for PBXNativeTarget "AIPoweredResumeAnalyzerTests" */;
			buildPhases = (
				BC599B0B2E2DFF4B00C484BC /* Sources */,
				BC599B0C2E2DFF4B00C484BC /* Frameworks */,
				BC599B0D2E2DFF4B00C484BC /* Resources */,
			);
			buildRules = (
			);
			dependencies = (
				BC599B112E2DFF4B00C484BC /* PBXTargetDependency */,
			);
			fileSystemSynchronizedGroups = (
				BC599B122E2DFF4B00C484BC /* AIPoweredResumeAnalyzerTests */,
			);
			name = AIPoweredResumeAnalyzerTests;
			packageProductDependencies = (
			);
			productName = AIPoweredResumeAnalyzerTests;
			productReference = BC599B0F2E2DFF4B00C484BC /* AIPoweredResumeAnalyzerTests.xctest */;
			productType = "com.apple.product-type.bundle.unit-test";
		};
		BC599B182E2DFF4C00C484BC /* AIPoweredResumeAnalyzerUITests */ = {
			isa = PBXNativeTarget;
			buildConfigurationList = BC599B292E2DFF4C00C484BC /* Build configuration list for PBXNativeTarget "AIPoweredResumeAnalyzerUITests" */;
			buildPhases = (
				BC599B152E2DFF4C00C484BC /* Sources */,
				BC599B162E2DFF4C00C484BC /* Frameworks */,
				BC599B172E2DFF4C00C484BC /* Resources */,
			);
			buildRules = (
			);
			dependencies = (
				BC599B1B2E2DFF4C00C484BC /* PBXTargetDependency */,
			);
			fileSystemSynchronizedGroups = (
				BC599B1C2E2DFF4C00C484BC /* AIPoweredResumeAnalyzerUITests */,
			);
			name = AIPoweredResumeAnalyzerUITests;
			packageProductDependencies = (
			);
			productName = AIPoweredResumeAnalyzerUITests;
			productReference = BC599B192E2DFF4C00C484BC /* AIPoweredResumeAnalyzerUITests.xctest */;
			productType = "com.apple.product-type.bundle.ui-testing";
		};
/* End PBXNativeTarget section */

/* Begin PBXProject section */
		BC599AF72E2DFF4800C484BC /* Project object */ = {
			isa = PBXProject;
			attributes = {
				BuildIndependentTargetsInParallel = 1;
				LastSwiftUpdateCheck = 1600;
				LastUpgradeCheck = 1600;
				TargetAttributes = {
					BC599AFE2E2DFF4800C484BC = {
						CreatedOnToolsVersion = 16.0;
					};
					BC599B0E2E2DFF4B00C484BC = {
						CreatedOnToolsVersion = 16.0;
						TestTargetID = BC599AFE2E2DFF4800C484BC;
					};
					BC599B182E2DFF4C00C484BC = {
						CreatedOnToolsVersion = 16.0;
						TestTargetID = BC599AFE2E2DFF4800C484BC;
					};
				};
			};
			buildConfigurationList = BC599AFA2E2DFF4800C484BC /* Build configuration list for PBXProject "AIPoweredResumeAnalyzer" */;
			developmentRegion = en;
			hasScannedForEncodings = 0;
			knownRegions = (
				en,
				Base,
			);
			mainGroup = BC599AF62E2DFF4800C484BC;
			minimizedProjectReferenceProxies = 1;
			preferredProjectObjectVersion = 77;
			productRefGroup = BC599B002E2DFF4800C484BC /* Products */;
			projectDirPath = "";
			projectRoot = "";
			targets = (
				BC599AFE2E2DFF4800C484BC /* AIPoweredResumeAnalyzer */,
				BC599B0E2E2DFF4B00C484BC /* AIPoweredResumeAnalyzerTests */,
				BC599B182E2DFF4C00C484BC /* AIPoweredResumeAnalyzerUITests */,
			);
		};
/* End PBXProject section */

/* Begin PBXResourcesBuildPhase section */
		BC599AFD2E2DFF4800C484BC /* Resources */ = {
			isa = PBXResourcesBuildPhase;
			buildActionMask = 2147483647;
			files = (
			);
			runOnlyForDeploymentPostprocessing = 0;
		};
		BC599B0D2E2DFF4B00C484BC /* Resources */ = {
			isa = PBXResourcesBuildPhase;
			buildActionMask = 2147483647;
			files = (
			);
			runOnlyForDeploymentPostprocessing = 0;
		};
		BC599B172E2DFF4C00C484BC /* Resources */ = {
			isa = PBXResourcesBuildPhase;
			buildActionMask = 2147483647;
			files = (
			);
			runOnlyForDeploymentPostprocessing = 0;
		};
/* End PBXResourcesBuildPhase section */

/* Begin PBXSourcesBuildPhase section */
		BC599AFB2E2DFF4800C484BC /* Sources */ = {
			isa = PBXSourcesBuildPhase;
			buildActionMask = 2147483647;
			files = (
			);
			runOnlyForDeploymentPostprocessing = 0;
		};
		BC599B0B2E2DFF4B00C484BC /* Sources */ = {
			isa = PBXSourcesBuildPhase;
			buildActionMask = 2147483647;
			files = (
			);
			runOnlyForDeploymentPostprocessing = 0;
		};
		BC599B152E2DFF4C00C484BC /* Sources */ = {
			isa = PBXSourcesBuildPhase;
			buildActionMask = 2147483647;
			files = (
			);
			runOnlyForDeploymentPostprocessing = 0;
		};
/* End PBXSourcesBuildPhase section */

/* Begin PBXTargetDependency section */
		BC599B112E2DFF4B00C484BC /* PBXTargetDependency */ = {
			isa = PBXTargetDependency;
			target = BC599AFE2E2DFF4800C484BC /* AIPoweredResumeAnalyzer */;
			targetProxy = BC599B102E2DFF4B00C484BC /* PBXContainerItemProxy */;
		};
		BC599B1B2E2DFF4C00C484BC /* PBXTargetDependency */ = {
			isa = PBXTargetDependency;
			target = BC599AFE2E2DFF4800C484BC /* AIPoweredResumeAnalyzer */;
			targetProxy = BC599B1A2E2DFF4C00C484BC /* PBXContainerItemProxy */;
		};
/* End PBXTargetDependency section */

/* Begin XCBuildConfiguration section */
		BC599B212E2DFF4C00C484BC /* Debug */ = {
			isa = XCBuildConfiguration;
			buildSettings = {
				ALWAYS_SEARCH_USER_PATHS = NO;
				ASSETCATALOG_COMPILER_GENERATE_SWIFT_ASSET_SYMBOL_EXTENSIONS = YES;
				CLANG_ANALYZER_NONNULL = YES;
				CLANG_ANALYZER_NUMBER_OBJECT_CONVERSION = YES_AGGRESSIVE;
				CLANG_CXX_LANGUAGE_STANDARD = "gnu++20";
				CLANG_ENABLE_MODULES = YES;
				CLANG_ENABLE_OBJC_ARC = YES;
				CLANG_ENABLE_OBJC_WEAK = YES;
				CLANG_WARN_BLOCK_CAPTURE_AUTORELEASING = YES;
				CLANG_WARN_BOOL_CONVERSION = YES;
				CLANG_WARN_COMMA = YES;
				CLANG_WARN_CONSTANT_CONVERSION = YES;
				CLANG_WARN_DEPRECATED_OBJC_IMPLEMENTATIONS = YES;
				CLANG_WARN_DIRECT_OBJC_ISA_USAGE = YES_ERROR;
				CLANG_WARN_DOCUMENTATION_COMMENTS = YES;
				CLANG_WARN_EMPTY_BODY = YES;
				CLANG_WARN_ENUM_CONVERSION = YES;
				CLANG_WARN_INFINITE_RECURSION = YES;
				CLANG_WARN_INT_CONVERSION = YES;
				CLANG_WARN_NON_LITERAL_NULL_CONVERSION = YES;
				CLANG_WARN_OBJC_IMPLICIT_RETAIN_SELF = YES;
				CLANG_WARN_OBJC_LITERAL_CONVERSION = YES;
				CLANG_WARN_OBJC_ROOT_CLASS = YES_ERROR;
				CLANG_WARN_QUOTED_INCLUDE_IN_FRAMEWORK_HEADER = YES;
				CLANG_WARN_RANGE_LOOP_ANALYSIS = YES;
				CLANG_WARN_STRICT_PROTOTYPES = YES;
				CLANG_WARN_SUSPICIOUS_MOVE = YES;
				CLANG_WARN_UNGUARDED_AVAILABILITY = YES_AGGRESSIVE;
				CLANG_WARN_UNREACHABLE_CODE = YES;
				CLANG_WARN__DUPLICATE_METHOD_MATCH = YES;
				COPY_PHASE_STRIP = NO;
				DEBUG_INFORMATION_FORMAT = dwarf;
				ENABLE_STRICT_OBJC_MSGSEND = YES;
				ENABLE_TESTABILITY = YES;
				ENABLE_USER_SCRIPT_SANDBOXING = YES;
				GCC_C_LANGUAGE_STANDARD = gnu17;
				GCC_DYNAMIC_NO_PIC = NO;
				GCC_NO_COMMON_BLOCKS = YES;
				GCC_OPTIMIZATION_LEVEL = 0;
				GCC_PREPROCESSOR_DEFINITIONS = (
					"DEBUG=1",
					"$(inherited)",
				);
				GCC_WARN_64_TO_32_BIT_CONVERSION = YES;
				GCC_WARN_ABOUT_RETURN_TYPE = YES_ERROR;
				GCC_WARN_UNDECLARED_SELECTOR = YES;
				GCC_WARN_UNINITIALIZED_AUTOS = YES_AGGRESSIVE;
				GCC_WARN_UNUSED_FUNCTION = YES;
				GCC_WARN_UNUSED_VARIABLE = YES;
				IPHONEOS_DEPLOYMENT_TARGET = 18.0;
				LOCALIZATION_PREFERS_STRING_CATALOGS = YES;
				MTL_ENABLE_DEBUG_INFO = INCLUDE_SOURCE;
				MTL_FAST_MATH = YES;
				ONLY_ACTIVE_ARCH = YES;
				SDKROOT = iphoneos;
				SWIFT_ACTIVE_COMPILATION_CONDITIONS = "DEBUG $(inherited)";
				SWIFT_OPTIMIZATION_LEVEL = "-Onone";
			};
			name = Debug;
		};
		BC599B222E2DFF4C00C484BC /* Release */ = {
			isa = XCBuildConfiguration;
			buildSettings = {
				ALWAYS_SEARCH_USER_PATHS = NO;
				ASSETCATALOG_COMPILER_GENERATE_SWIFT_ASSET_SYMBOL_EXTENSIONS = YES;
				CLANG_ANALYZER_NONNULL = YES;
				CLANG_ANALYZER_NUMBER_OBJECT_CONVERSION = YES_AGGRESSIVE;
				CLANG_CXX_LANGUAGE_STANDARD = "gnu++20";
				CLANG_ENABLE_MODULES = YES;
				CLANG_ENABLE_OBJC_ARC = YES;
				CLANG_ENABLE_OBJC_WEAK = YES;
				CLANG_WARN_BLOCK_CAPTURE_AUTORELEASING = YES;
				CLANG_WARN_BOOL_CONVERSION = YES;
				CLANG_WARN_COMMA = YES;
				CLANG_WARN_CONSTANT_CONVERSION = YES;
				CLANG_WARN_DEPRECATED_OBJC_IMPLEMENTATIONS = YES;
				CLANG_WARN_DIRECT_OBJC_ISA_USAGE = YES_ERROR;
				CLANG_WARN_DOCUMENTATION_COMMENTS = YES;
				CLANG_WARN_EMPTY_BODY = YES;
				CLANG_WARN_ENUM_CONVERSION = YES;
				CLANG_WARN_INFINITE_RECURSION = YES;
				CLANG_WARN_INT_CONVERSION = YES;
				CLANG_WARN_NON_LITERAL_NULL_CONVERSION = YES;
				CLANG_WARN_OBJC_IMPLICIT_RETAIN_SELF = YES;
				CLANG_WARN_OBJC_LITERAL_CONVERSION = YES;
				CLANG_WARN_OBJC_ROOT_CLASS = YES_ERROR;
				CLANG_WARN_QUOTED_INCLUDE_IN_FRAMEWORK_HEADER = YES;
				CLANG_WARN_RANGE_LOOP_ANALYSIS = YES;
				CLANG_WARN_STRICT_PROTOTYPES = YES;
				CLANG_WARN_SUSPICIOUS_MOVE = YES;
				CLANG_WARN_UNGUARDED_AVAILABILITY = YES_AGGRESSIVE;
				CLANG_WARN_UNREACHABLE_CODE = YES;
				CLANG_WARN__DUPLICATE_METHOD_MATCH = YES;
				COPY_PHASE_STRIP = NO;
				DEBUG_INFORMATION_FORMAT = "dwarf-with-dsym";
				ENABLE_NS_ASSERTIONS = NO;
				ENABLE_STRICT_OBJC_MSGSEND = YES;
				ENABLE_USER_SCRIPT_SANDBOXING = YES;
				GCC_C_LANGUAGE_STANDARD = gnu17;
				GCC_NO_COMMON_BLOCKS = YES;
				GCC_WARN_64_TO_32_BIT_CONVERSION = YES;
				GCC_WARN_ABOUT_RETURN_TYPE = YES_ERROR;
				GCC_WARN_UNDECLARED_SELECTOR = YES;
				GCC_WARN_UNINITIALIZED_AUTOS = YES_AGGRESSIVE;
				GCC_WARN_UNUSED_FUNCTION = YES;
				GCC_WARN_UNUSED_VARIABLE = YES;
				IPHONEOS_DEPLOYMENT_TARGET = 18.0;
				LOCALIZATION_PREFERS_STRING_CATALOGS = YES;
				MTL_ENABLE_DEBUG_INFO = NO;
				MTL_FAST_MATH = YES;
				SDKROOT = iphoneos;
				SWIFT_COMPILATION_MODE = wholemodule;
				VALIDATE_PRODUCT = YES;
			};
			name = Release;
		};
		BC599B242E2DFF4C00C484BC /* Debug */ = {
			isa = XCBuildConfiguration;
			buildSettings = {
				ASSETCATALOG_COMPILER_APPICON_NAME = AppIcon;
				ASSETCATALOG_COMPILER_GLOBAL_ACCENT_COLOR_NAME = AccentColor;
				CODE_SIGN_STYLE = Automatic;
				CURRENT_PROJECT_VERSION = 1;
				DEVELOPMENT_ASSET_PATHS = "\"AIPoweredResumeAnalyzer/Preview Content\"";
				DEVELOPMENT_TEAM = 9G43XWK7UA;
				ENABLE_PREVIEWS = YES;
				GENERATE_INFOPLIST_FILE = YES;
				INFOPLIST_KEY_UIApplicationSceneManifest_Generation = YES;
				INFOPLIST_KEY_UIApplicationSupportsIndirectInputEvents = YES;
				INFOPLIST_KEY_UILaunchScreen_Generation = YES;
				INFOPLIST_KEY_UISupportedInterfaceOrientations_iPad = "UIInterfaceOrientationPortrait UIInterfaceOrientationPortraitUpsideDown UIInterfaceOrientationLandscapeLeft UIInterfaceOrientationLandscapeRight";
				INFOPLIST_KEY_UISupportedInterfaceOrientations_iPhone = "UIInterfaceOrientationPortrait UIInterfaceOrientationLandscapeLeft UIInterfaceOrientationLandscapeRight";
				LD_RUNPATH_SEARCH_PATHS = (
					"$(inherited)",
					"@executable_path/Frameworks",
				);
				MARKETING_VERSION = 1.0;
				PRODUCT_BUNDLE_IDENTIFIER = com.jio.media.jioxpressnews.AIPoweredResumeAnalyzer;
				PRODUCT_NAME = "$(TARGET_NAME)";
				SWIFT_EMIT_LOC_STRINGS = YES;
				SWIFT_VERSION = 5.0;
				TARGETED_DEVICE_FAMILY = "1,2";
			};
			name = Debug;
		};
		BC599B252E2DFF4C00C484BC /* Release */ = {
			isa = XCBuildConfiguration;
			buildSettings = {
				ASSETCATALOG_COMPILER_APPICON_NAME = AppIcon;
				ASSETCATALOG_COMPILER_GLOBAL_ACCENT_COLOR_NAME = AccentColor;
				CODE_SIGN_STYLE = Automatic;
				CURRENT_PROJECT_VERSION = 1;
				DEVELOPMENT_ASSET_PATHS = "\"AIPoweredResumeAnalyzer/Preview Content\"";
				DEVELOPMENT_TEAM = 9G43XWK7UA;
				ENABLE_PREVIEWS = YES;
				GENERATE_INFOPLIST_FILE = YES;
				INFOPLIST_KEY_UIApplicationSceneManifest_Generation = YES;
				INFOPLIST_KEY_UIApplicationSupportsIndirectInputEvents = YES;
				INFOPLIST_KEY_UILaunchScreen_Generation = YES;
				INFOPLIST_KEY_UISupportedInterfaceOrientations_iPad = "UIInterfaceOrientationPortrait UIInterfaceOrientationPortraitUpsideDown UIInterfaceOrientationLandscapeLeft UIInterfaceOrientationLandscapeRight";
				INFOPLIST_KEY_UISupportedInterfaceOrientations_iPhone = "UIInterfaceOrientationPortrait UIInterfaceOrientationLandscapeLeft UIInterfaceOrientationLandscapeRight";
				LD_RUNPATH_SEARCH_PATHS = (
					"$(inherited)",
					"@executable_path/Frameworks",
				);
				MARKETING_VERSION = 1.0;
				PRODUCT_BUNDLE_IDENTIFIER = com.jio.media.jioxpressnews.AIPoweredResumeAnalyzer;
				PRODUCT_NAME = "$(TARGET_NAME)";
				SWIFT_EMIT_LOC_STRINGS = YES;
				SWIFT_VERSION = 5.0;
				TARGETED_DEVICE_FAMILY = "1,2";
			};
			name = Release;
		};
		BC599B272E2DFF4C00C484BC /* Debug */ = {
			isa = XCBuildConfiguration;
			buildSettings = {
				BUNDLE_LOADER = "$(TEST_HOST)";
				CODE_SIGN_STYLE = Automatic;
				CURRENT_PROJECT_VERSION = 1;
				DEVELOPMENT_TEAM = 9G43XWK7UA;
				GENERATE_INFOPLIST_FILE = YES;
				IPHONEOS_DEPLOYMENT_TARGET = 18.0;
				MARKETING_VERSION = 1.0;
				PRODUCT_BUNDLE_IDENTIFIER = com.jio.media.jioxpressnews.AIPoweredResumeAnalyzerTests;
				PRODUCT_NAME = "$(TARGET_NAME)";
				SWIFT_EMIT_LOC_STRINGS = NO;
				SWIFT_VERSION = 5.0;
				TARGETED_DEVICE_FAMILY = "1,2";
				TEST_HOST = "$(BUILT_PRODUCTS_DIR)/AIPoweredResumeAnalyzer.app/$(BUNDLE_EXECUTABLE_FOLDER_PATH)/AIPoweredResumeAnalyzer";
			};
			name = Debug;
		};
		BC599B282E2DFF4C00C484BC /* Release */ = {
			isa = XCBuildConfiguration;
			buildSettings = {
				BUNDLE_LOADER = "$(TEST_HOST)";
				CODE_SIGN_STYLE = Automatic;
				CURRENT_PROJECT_VERSION = 1;
				DEVELOPMENT_TEAM = 9G43XWK7UA;
				GENERATE_INFOPLIST_FILE = YES;
				IPHONEOS_DEPLOYMENT_TARGET = 18.0;
				MARKETING_VERSION = 1.0;
				PRODUCT_BUNDLE_IDENTIFIER = com.jio.media.jioxpressnews.AIPoweredResumeAnalyzerTests;
				PRODUCT_NAME = "$(TARGET_NAME)";
				SWIFT_EMIT_LOC_STRINGS = NO;
				SWIFT_VERSION = 5.0;
				TARGETED_DEVICE_FAMILY = "1,2";
				TEST_HOST = "$(BUILT_PRODUCTS_DIR)/AIPoweredResumeAnalyzer.app/$(BUNDLE_EXECUTABLE_FOLDER_PATH)/AIPoweredResumeAnalyzer";
			};
			name = Release;
		};
		BC599B2A2E2DFF4C00C484BC /* Debug */ = {
			isa = XCBuildConfiguration;
			buildSettings = {
				CODE_SIGN_STYLE = Automatic;
				CURRENT_PROJECT_VERSION = 1;
				DEVELOPMENT_TEAM = 9G43XWK7UA;
				GENERATE_INFOPLIST_FILE = YES;
				MARKETING_VERSION = 1.0;
				PRODUCT_BUNDLE_IDENTIFIER = com.jio.media.jioxpressnews.AIPoweredResumeAnalyzerUITests;
				PRODUCT_NAME = "$(TARGET_NAME)";
				SWIFT_EMIT_LOC_STRINGS = NO;
				SWIFT_VERSION = 5.0;
				TARGETED_DEVICE_FAMILY = "1,2";
				TEST_TARGET_NAME = AIPoweredResumeAnalyzer;
			};
			name = Debug;
		};
		BC599B2B2E2DFF4C00C484BC /* Release */ = {
			isa = XCBuildConfiguration;
			buildSettings = {
				CODE_SIGN_STYLE = Automatic;
				CURRENT_PROJECT_VERSION = 1;
				DEVELOPMENT_TEAM = 9G43XWK7UA;
				GENERATE_INFOPLIST_FILE = YES;
				MARKETING_VERSION = 1.0;
				PRODUCT_BUNDLE_IDENTIFIER = com.jio.media.jioxpressnews.AIPoweredResumeAnalyzerUITests;
				PRODUCT_NAME = "$(TARGET_NAME)";
				SWIFT_EMIT_LOC_STRINGS = NO;
				SWIFT_VERSION = 5.0;
				TARGETED_DEVICE_FAMILY = "1,2";
				TEST_TARGET_NAME = AIPoweredResumeAnalyzer;
			};
			name = Release;
		};
/* End XCBuildConfiguration section */

/* Begin XCConfigurationList section */
		BC599AFA2E2DFF4800C484BC /* Build configuration list for PBXProject "AIPoweredResumeAnalyzer" */ = {
			isa = XCConfigurationList;
			buildConfigurations = (
				BC599B212E2DFF4C00C484BC /* Debug */,
				BC599B222E2DFF4C00C484BC /* Release */,
			);
			defaultConfigurationIsVisible = 0;
			defaultConfigurationName = Release;
		};
		BC599B232E2DFF4C00C484BC /* Build configuration list for PBXNativeTarget "AIPoweredResumeAnalyzer" */ = {
			isa = XCConfigurationList;
			buildConfigurations = (
				BC599B242E2DFF4C00C484BC /* Debug */,
				BC599B252E2DFF4C00C484BC /* Release */,
			);
			defaultConfigurationIsVisible = 0;
			defaultConfigurationName = Release;
		};
		BC599B262E2DFF4C00C484BC /* Build configuration list for PBXNativeTarget "AIPoweredResumeAnalyzerTests" */ = {
			isa = XCConfigurationList;
			buildConfigurations = (
				BC599B272E2DFF4C00C484BC /* Debug */,
				BC599B282E2DFF4C00C484BC /* Release */,
			);
			defaultConfigurationIsVisible = 0;
			defaultConfigurationName = Release;
		};
		BC599B292E2DFF4C00C484BC /* Build configuration list for PBXNativeTarget "AIPoweredResumeAnalyzerUITests" */ = {
			isa = XCConfigurationList;
			buildConfigurations = (
				BC599B2A2E2DFF4C00C484BC /* Debug */,
				BC599B2B2E2DFF4C00C484BC /* Release */,
			);
			defaultConfigurationIsVisible = 0;
			defaultConfigurationName = Release;
		};
/* End XCConfigurationList section */
	};
	rootObject = BC599AF72E2DFF4800C484BC /* Project object */;
}
